{
  "requires": true,
  "lockfileVersion": 1,
  "dependencies": {
    "flag-icon-css": {
      "version": "2.9.0",
      "resolved": "https://registry.npmjs.org/flag-icon-css/-/flag-icon-css-2.9.0.tgz",
      "integrity": "sha512-SeHvGEB43XFPZiJz6lFFRGHfp+Db+s1qGiClW70cZauQVbPM42wImlNUEuXSXs94kPchz7xvoxP0QK1y6FxLfg=="
    }
  }
}
